
Microsoft Visual Studio Solution File, Format Version 12.00
# Visual Studio Version 17
VisualStudioVersion = 17.12.35728.132
MinimumVisualStudioVersion = 10.0.40219.1
Project("{FAE04EC0-301F-11D3-BF4B-00C04F79EFBC}") = "u23668475_HW01", "u23668475_HW01\u23668475_HW01.csproj", "{0E87DBAD-7E5F-4E79-8841-580C1E2D44DF}"
EndProject
Project("{FAE04EC0-301F-11D3-BF4B-00C04F79EFBC}") = "u23668475_HW01_Tests", "u23668475_HW01_Tests\u23668475_HW01_Tests.csproj", "{93303973-B2F8-46BD-8ECF-2B3519A4742A}"
EndProject
Global
	GlobalSection(SolutionConfigurationPlatforms) = preSolution
		Debug|Any CPU = Debug|Any CPU
		Release|Any CPU = Release|Any CPU
	EndGlobalSection
	GlobalSection(ProjectConfigurationPlatforms) = postSolution
		{0E87DBAD-7E5F-4E79-8841-580C1E2D44DF}.Debug|Any CPU.ActiveCfg = Debug|Any CPU
		{0E87DBAD-7E5F-4E79-8841-580C1E2D44DF}.Debug|Any CPU.Build.0 = Debug|Any CPU
		{0E87DBAD-7E5F-4E79-8841-580C1E2D44DF}.Release|Any CPU.ActiveCfg = Release|Any CPU
		{0E87DBAD-7E5F-4E79-8841-580C1E2D44DF}.Release|Any CPU.Build.0 = Release|Any CPU
		{93303973-B2F8-46BD-8ECF-2B3519A4742A}.Debug|Any CPU.ActiveCfg = Debug|Any CPU
		{93303973-B2F8-46BD-8ECF-2B3519A4742A}.Debug|Any CPU.Build.0 = Debug|Any CPU
		{93303973-B2F8-46BD-8ECF-2B3519A4742A}.Release|Any CPU.ActiveCfg = Release|Any CPU
		{93303973-B2F8-46BD-8ECF-2B3519A4742A}.Release|Any CPU.Build.0 = Release|Any CPU
	EndGlobalSection
	GlobalSection(SolutionProperties) = preSolution
		HideSolutionNode = FALSE
	EndGlobalSection
EndGlobal
